
Microsoft Visual Studio Solution File, Format Version 12.00
# Visual Studio Version 17
VisualStudioVersion = 17.0.31903.59
MinimumVisualStudioVersion = 10.0.40219.1
Project("{9A19103F-16F7-4668-BE54-9A1E7A4F7556}") = "Class", "Class\Class.csproj", "{38443B35-DCA9-4475-9328-5FA4FEDA0055}"
EndProject
Project("{9A19103F-16F7-4668-BE54-9A1E7A4F7556}") = "Inheritance", "Inheritance\Inheritance.csproj", "{7C737EF1-20AE-4616-8AAC-F5625BB75C3D}"
EndProject
Project("{9A19103F-16F7-4668-BE54-9A1E7A4F7556}") = "Encapsulation", "Encapsulation\Encapsulation.csproj", "{F5F2C447-AEB0-4811-9D1E-3A89DB14D9FC}"
EndProject
Project("{9A19103F-16F7-4668-BE54-9A1E7A4F7556}") = "Polymorphism", "Polymorphism\Polymorphism.csproj", "{40240C9E-5091-4250-995F-1FD09B138706}"
EndProject
Project("{9A19103F-16F7-4668-BE54-9A1E7A4F7556}") = "Abstracts", "Abstracts\Abstracts.csproj", "{FAB161CA-28A3-4E39-9AF8-4BE4401207B3}"
EndProject
Project("{9A19103F-16F7-4668-BE54-9A1E7A4F7556}") = "Interfaces", "Interfaces\Interfaces.csproj", "{242D613D-2D30-459C-A215-4918DD56DDD5}"
EndProject
Project("{FAE04EC0-301F-11D3-BF4B-00C04F79EFBC}") = "Delegates", "Delegates\Delegates.csproj", "{B9F5EF98-EDA4-4378-B03C-95D1E9689C8A}"
EndProject
Project("{FAE04EC0-301F-11D3-BF4B-00C04F79EFBC}") = "Events", "Events\Events.csproj", "{530CF994-BDD7-4E85-AC5A-F465C8E08506}"
EndProject
Global
	GlobalSection(SolutionConfigurationPlatforms) = preSolution
		Debug|Any CPU = Debug|Any CPU
		Release|Any CPU = Release|Any CPU
	EndGlobalSection
	GlobalSection(ProjectConfigurationPlatforms) = postSolution
		{38443B35-DCA9-4475-9328-5FA4FEDA0055}.Debug|Any CPU.ActiveCfg = Debug|Any CPU
		{38443B35-DCA9-4475-9328-5FA4FEDA0055}.Debug|Any CPU.Build.0 = Debug|Any CPU
		{38443B35-DCA9-4475-9328-5FA4FEDA0055}.Release|Any CPU.ActiveCfg = Release|Any CPU
		{38443B35-DCA9-4475-9328-5FA4FEDA0055}.Release|Any CPU.Build.0 = Release|Any CPU
		{7C737EF1-20AE-4616-8AAC-F5625BB75C3D}.Debug|Any CPU.ActiveCfg = Debug|Any CPU
		{7C737EF1-20AE-4616-8AAC-F5625BB75C3D}.Debug|Any CPU.Build.0 = Debug|Any CPU
		{7C737EF1-20AE-4616-8AAC-F5625BB75C3D}.Release|Any CPU.ActiveCfg = Release|Any CPU
		{7C737EF1-20AE-4616-8AAC-F5625BB75C3D}.Release|Any CPU.Build.0 = Release|Any CPU
		{F5F2C447-AEB0-4811-9D1E-3A89DB14D9FC}.Debug|Any CPU.ActiveCfg = Debug|Any CPU
		{F5F2C447-AEB0-4811-9D1E-3A89DB14D9FC}.Debug|Any CPU.Build.0 = Debug|Any CPU
		{F5F2C447-AEB0-4811-9D1E-3A89DB14D9FC}.Release|Any CPU.ActiveCfg = Release|Any CPU
		{F5F2C447-AEB0-4811-9D1E-3A89DB14D9FC}.Release|Any CPU.Build.0 = Release|Any CPU
		{40240C9E-5091-4250-995F-1FD09B138706}.Debug|Any CPU.ActiveCfg = Debug|Any CPU
		{40240C9E-5091-4250-995F-1FD09B138706}.Debug|Any CPU.Build.0 = Debug|Any CPU
		{40240C9E-5091-4250-995F-1FD09B138706}.Release|Any CPU.ActiveCfg = Release|Any CPU
		{40240C9E-5091-4250-995F-1FD09B138706}.Release|Any CPU.Build.0 = Release|Any CPU
		{FAB161CA-28A3-4E39-9AF8-4BE4401207B3}.Debug|Any CPU.ActiveCfg = Debug|Any CPU
		{FAB161CA-28A3-4E39-9AF8-4BE4401207B3}.Debug|Any CPU.Build.0 = Debug|Any CPU
		{FAB161CA-28A3-4E39-9AF8-4BE4401207B3}.Release|Any CPU.ActiveCfg = Release|Any CPU
		{FAB161CA-28A3-4E39-9AF8-4BE4401207B3}.Release|Any CPU.Build.0 = Release|Any CPU
		{242D613D-2D30-459C-A215-4918DD56DDD5}.Debug|Any CPU.ActiveCfg = Debug|Any CPU
		{242D613D-2D30-459C-A215-4918DD56DDD5}.Debug|Any CPU.Build.0 = Debug|Any CPU
		{242D613D-2D30-459C-A215-4918DD56DDD5}.Release|Any CPU.ActiveCfg = Release|Any CPU
		{242D613D-2D30-459C-A215-4918DD56DDD5}.Release|Any CPU.Build.0 = Release|Any CPU
		{B9F5EF98-EDA4-4378-B03C-95D1E9689C8A}.Debug|Any CPU.ActiveCfg = Debug|Any CPU
		{B9F5EF98-EDA4-4378-B03C-95D1E9689C8A}.Debug|Any CPU.Build.0 = Debug|Any CPU
		{B9F5EF98-EDA4-4378-B03C-95D1E9689C8A}.Release|Any CPU.ActiveCfg = Release|Any CPU
		{B9F5EF98-EDA4-4378-B03C-95D1E9689C8A}.Release|Any CPU.Build.0 = Release|Any CPU
		{530CF994-BDD7-4E85-AC5A-F465C8E08506}.Debug|Any CPU.ActiveCfg = Debug|Any CPU
		{530CF994-BDD7-4E85-AC5A-F465C8E08506}.Debug|Any CPU.Build.0 = Debug|Any CPU
		{530CF994-BDD7-4E85-AC5A-F465C8E08506}.Release|Any CPU.ActiveCfg = Release|Any CPU
		{530CF994-BDD7-4E85-AC5A-F465C8E08506}.Release|Any CPU.Build.0 = Release|Any CPU
	EndGlobalSection
	GlobalSection(SolutionProperties) = preSolution
		HideSolutionNode = FALSE
	EndGlobalSection
	GlobalSection(ExtensibilityGlobals) = postSolution
		SolutionGuid = {D2E68D83-E75C-4021-9AD5-405BC5BAD659}
	EndGlobalSection
EndGlobal
